<?xml version="1.0" encoding="utf-8"?>
<Project ToolsVersion="4.0" xmlns="http://schemas.microsoft.com/developer/msbuild/2003">
  <ItemGroup>
    <Filter Include="Source Files">
      <UniqueIdentifier>{4FC737F1-C7A5-4376-A066-2A32D752A2FF}</UniqueIdentifier>
      <Extensions>cpp;c;cc;cxx;c++;cppm;ixx;def;odl;idl;hpj;bat;asm;asmx</Extensions>
    </Filter>
    <Filter Include="Header Files">
      <UniqueIdentifier>{93995380-89BD-4b04-88EB-625FBE52EBFB}</UniqueIdentifier>
      <Extensions>h;hh;hpp;hxx;h++;hm;inl;inc;ipp;xsd</Extensions>
    </Filter>
    <Filter Include="Resource Files">
      <UniqueIdentifier>{67DA6AB6-F800-4c08-8B7A-83BB121AAD01}</UniqueIdentifier>
      <Extensions>rc;ico;cur;bmp;dlg;rc2;rct;bin;rgs;gif;jpg;jpeg;jpe;resx;tiff;tif;png;wav;mfcribbon-ms</Extensions>
    </Filter>
    <Filter Include="Source Files\SmartPointer">
      <UniqueIdentifier>{e45d0580-8ecb-4d6f-a657-de2e85b2d227}</UniqueIdentifier>
    </Filter>
    <Filter Include="Source Files\TypeCasting">
      <UniqueIdentifier>{d523d9a2-5cd9-4737-b7b4-91e408b74544}</UniqueIdentifier>
    </Filter>
    <Filter Include="Source Files\Multithreading">
      <UniqueIdentifier>{ba7e1719-f07a-4468-bdaa-b64d475ddcac}</UniqueIdentifier>
    </Filter>
  </ItemGroup>
  <ItemGroup>
    <ClCompile Include="CopyAndMove.cpp">
      <Filter>Source Files</Filter>
    </ClCompile>
    <ClCompile Include="SmartPointer\1 SmartPointer.cpp">
      <Filter>Source Files\SmartPointer</Filter>
    </ClCompile>
    <ClCompile Include="SmartPointer\2 unique_ptr.cpp">
      <Filter>Source Files\SmartPointer</Filter>
    </ClCompile>
    <ClCompile Include="SmartPointer\3 shared_ptr.cpp">
      <Filter>Source Files\SmartPointer</Filter>
    </ClCompile>
    <ClCompile Include="SmartPointer\4 weak_ptr.cpp">
      <Filter>Source Files\SmartPointer</Filter>
    </ClCompile>
    <ClCompile Include="PureVirtualFunction.cpp">
      <Filter>Source Files</Filter>
    </ClCompile>
    <ClCompile Include="VirtualFunction.cpp">
      <Filter>Source Files</Filter>
    </ClCompile>
    <ClCompile Include="VirtualDestructor.cpp">
      <Filter>Source Files</Filter>
    </ClCompile>
    <ClCompile Include="vPtr_vTable.cpp">
      <Filter>Source Files</Filter>
    </ClCompile>
    <ClCompile Include="TypeCasting\static_cast.cpp">
      <Filter>Source Files\TypeCasting</Filter>
    </ClCompile>
    <ClCompile Include="TypeCasting\reinterpret_cast.cpp">
      <Filter>Source Files\TypeCasting</Filter>
    </ClCompile>
    <ClCompile Include="TypeCasting\dynamic_cast.cpp">
      <Filter>Source Files\TypeCasting</Filter>
    </ClCompile>
    <ClCompile Include="TypeCasting\const_cast.cpp">
      <Filter>Source Files\TypeCasting</Filter>
    </ClCompile>
    <ClCompile Include="Multithreading\1 IntroductionToThreads.cpp">
      <Filter>Source Files\Multithreading</Filter>
    </ClCompile>
    <ClCompile Include="Multithreading\2 CreatingThreads.cpp">
      <Filter>Source Files\Multithreading</Filter>
    </ClCompile>
    <ClCompile Include="Multithreading\3 join_detach.cpp">
      <Filter>Source Files\Multithreading</Filter>
    </ClCompile>
    <ClCompile Include="Multithreading\4 mutex.cpp">
      <Filter>Source Files\Multithreading</Filter>
    </ClCompile>
    <ClCompile Include="Multithreading\5 mutex_try_lock.cpp">
      <Filter>Source Files\Multithreading</Filter>
    </ClCompile>
    <ClCompile Include="Multithreading\6 std_try_lock.cpp">
      <Filter>Source Files\Multithreading</Filter>
    </ClCompile>
    <ClCompile Include="Multithreading\7 timed_mutex.cpp">
      <Filter>Source Files\Multithreading</Filter>
    </ClCompile>
    <ClCompile Include="Multithreading\8 recursive_mutex.cpp">
      <Filter>Source Files\Multithreading</Filter>
    </ClCompile>
    <ClCompile Include="Multithreading\9 lock_guard.cpp">
      <Filter>Source Files\Multithreading</Filter>
    </ClCompile>
    <ClCompile Include="Multithreading\10 unique_lock.cpp">
      <Filter>Source Files\Multithreading</Filter>
    </ClCompile>
    <ClCompile Include="Multithreading\11 condition_variable.cpp">
      <Filter>Source Files\Multithreading</Filter>
    </ClCompile>
    <ClCompile Include="Multithreading\12 deadlock.cpp">
      <Filter>Source Files\Multithreading</Filter>
    </ClCompile>
    <ClCompile Include="Multithreading\13 ThreadSync.cpp">
      <Filter>Source Files\Multithreading</Filter>
    </ClCompile>
    <ClCompile Include="Multithreading\14 std_lock.cpp">
      <Filter>Source Files\Multithreading</Filter>
    </ClCompile>
    <ClCompile Include="Multithreading\15 std_promise_future.cpp">
      <Filter>Source Files\Multithreading</Filter>
    </ClCompile>
    <ClCompile Include="Multithreading\16 std_async.cpp">
      <Filter>Source Files\Multithreading</Filter>
    </ClCompile>
    <ClCompile Include="Multithreading\17 ProducerConsumer.cpp">
      <Filter>Source Files\Multithreading</Filter>
    </ClCompile>
    <ClCompile Include="Multithreading\18 PrintInSequence.cpp">
      <Filter>Source Files\Multithreading</Filter>
    </ClCompile>
    <ClCompile Include="Multithreading\19 fizzbuzz.cpp">
      <Filter>Source Files\Multithreading</Filter>
    </ClCompile>
    <ClCompile Include="Initialization.cpp">
      <Filter>Source Files</Filter>
    </ClCompile>
    <ClCompile Include="Lvalue_Rvalue.cpp">
      <Filter>Source Files</Filter>
    </ClCompile>
    <ClCompile Include="ExceptionHandling.cpp">
      <Filter>Source Files</Filter>
    </ClCompile>
    <ClCompile Include="Multithreading\20 Semaphore.cpp">
      <Filter>Source Files\Multithreading</Filter>
    </ClCompile>
  </ItemGroup>
</Project>